
Microsoft Visual Studio Solution File, Format Version 12.00
# Visual Studio Version 16
VisualStudioVersion = 16.0.29306.81
MinimumVisualStudioVersion = 10.0.40219.1
Project("{FAE04EC0-301F-11D3-BF4B-00C04F79EFBC}") = "ReznikProgram", "ReznikProgram\ReznikProgram.csproj", "{98E0CEDE-2B77-4804-B2AA-B3F5CEAE9616}"
EndProject
Global
	GlobalSection(SolutionConfigurationPlatforms) = preSolution
		Debug|Any CPU = Debug|Any CPU
		Release|Any CPU = Release|Any CPU
	EndGlobalSection
	GlobalSection(ProjectConfigurationPlatforms) = postSolution
		{98E0CEDE-2B77-4804-B2AA-B3F5CEAE9616}.Debug|Any CPU.ActiveCfg = Debug|Any CPU
		{98E0CEDE-2B77-4804-B2AA-B3F5CEAE9616}.Debug|Any CPU.Build.0 = Debug|Any CPU
		{98E0CEDE-2B77-4804-B2AA-B3F5CEAE9616}.Release|Any CPU.ActiveCfg = Release|Any CPU
		{98E0CEDE-2B77-4804-B2AA-B3F5CEAE9616}.Release|Any CPU.Build.0 = Release|Any CPU
	EndGlobalSection
	GlobalSection(SolutionProperties) = preSolution
		HideSolutionNode = FALSE
	EndGlobalSection
	GlobalSection(ExtensibilityGlobals) = postSolution
		SolutionGuid = {3A646D4C-C154-4DBF-97AA-5085FDF85293}
	EndGlobalSection
EndGlobal
